// !$*UTF8*$!
{
	archiveVersion = 1;
	classes = {
	};
	objectVersion = 50;
	objects = {

/* Begin PBXBuildFile section */
		0F3265E621477EAD00C6BC72 /* main.cpp in Sources */ = {isa = PBXBuildFile; fileRef = 0F3265E521477EAD00C6BC72 /* main.cpp */; };
		0F3265EE214782FB00C6BC72 /* cBlock.cpp in Sources */ = {isa = PBXBuildFile; fileRef = 0F3265EC214782FB00C6BC72 /* cBlock.cpp */; };
		0F3265F12147831C00C6BC72 /* cRobot.cpp in Sources */ = {isa = PBXBuildFile; fileRef = 0F3265EF2147831C00C6BC72 /* cRobot.cpp */; };
		0F3265F4214784B400C6BC72 /* GLUT.framework in Frameworks */ = {isa = PBXBuildFile; fileRef = 0F3265F3214784B400C6BC72 /* GLUT.framework */; };
		0F3265F6214784BC00C6BC72 /* OpenGL.framework in Frameworks */ = {isa = PBXBuildFile; fileRef = 0F3265F5214784BC00C6BC72 /* OpenGL.framework */; };
		0F3265F72147851700C6BC72 /* OpenGL.framework in Sources */ = {isa = PBXBuildFile; fileRef = 0F3265F5214784BC00C6BC72 /* OpenGL.framework */; };
		0F3265F82147851C00C6BC72 /* GLUT.framework in Sources */ = {isa = PBXBuildFile; fileRef = 0F3265F3214784B400C6BC72 /* GLUT.framework */; };
/* End PBXBuildFile section */

/* Begin PBXCopyFilesBuildPhase section */
		0F3265E021477EAD00C6BC72 /* CopyFiles */ = {
			isa = PBXCopyFilesBuildPhase;
			buildActionMask = 2147483647;
			dstPath = /usr/share/man/man1/;
			dstSubfolderSpec = 0;
			files = (
			);
			runOnlyForDeploymentPostprocessing = 1;
		};
/* End PBXCopyFilesBuildPhase section */

/* Begin PBXFileReference section */
		0F3265E221477EAD00C6BC72 /* Robot */ = {isa = PBXFileReference; explicitFileType = "compiled.mach-o.executable"; includeInIndex = 0; path = Robot; sourceTree = BUILT_PRODUCTS_DIR; };
		0F3265E521477EAD00C6BC72 /* main.cpp */ = {isa = PBXFileReference; lastKnownFileType = sourcecode.cpp.cpp; path = main.cpp; sourceTree = "<group>"; };
		0F3265EC214782FB00C6BC72 /* cBlock.cpp */ = {isa = PBXFileReference; lastKnownFileType = sourcecode.cpp.cpp; path = cBlock.cpp; sourceTree = "<group>"; };
		0F3265ED214782FB00C6BC72 /* cBlock.hpp */ = {isa = PBXFileReference; lastKnownFileType = sourcecode.cpp.h; path = cBlock.hpp; sourceTree = "<group>"; };
		0F3265EF2147831C00C6BC72 /* cRobot.cpp */ = {isa = PBXFileReference; lastKnownFileType = sourcecode.cpp.cpp; path = cRobot.cpp; sourceTree = "<group>"; };
		0F3265F02147831C00C6BC72 /* cRobot.hpp */ = {isa = PBXFileReference; lastKnownFileType = sourcecode.cpp.h; path = cRobot.hpp; sourceTree = "<group>"; };
		0F3265F3214784B400C6BC72 /* GLUT.framework */ = {isa = PBXFileReference; lastKnownFileType = wrapper.framework; name = GLUT.framework; path = System/Library/Frameworks/GLUT.framework; sourceTree = SDKROOT; };
		0F3265F5214784BC00C6BC72 /* OpenGL.framework */ = {isa = PBXFileReference; lastKnownFileType = wrapper.framework; name = OpenGL.framework; path = System/Library/Frameworks/OpenGL.framework; sourceTree = SDKROOT; };
/* End PBXFileReference section */

/* Begin PBXFrameworksBuildPhase section */
		0F3265DF21477EAD00C6BC72 /* Frameworks */ = {
			isa = PBXFrameworksBuildPhase;
			buildActionMask = 2147483647;
			files = (
				0F3265F6214784BC00C6BC72 /* OpenGL.framework in Frameworks */,
				0F3265F4214784B400C6BC72 /* GLUT.framework in Frameworks */,
			);
			runOnlyForDeploymentPostprocessing = 0;
		};
/* End PBXFrameworksBuildPhase section */

/* Begin PBXGroup section */
		0F3265D921477EAD00C6BC72 = {
			isa = PBXGroup;
			children = (
				0F3265E421477EAD00C6BC72 /* Robot */,
				0F3265E321477EAD00C6BC72 /* Products */,
				0F3265F2214784B400C6BC72 /* Frameworks */,
			);
			sourceTree = "<group>";
		};
		0F3265E321477EAD00C6BC72 /* Products */ = {
			isa = PBXGroup;
			children = (
				0F3265E221477EAD00C6BC72 /* Robot */,
			);
			name = Products;
			sourceTree = "<group>";
		};
		0F3265E421477EAD00C6BC72 /* Robot */ = {
			isa = PBXGroup;
			children = (
				0F3265E521477EAD00C6BC72 /* main.cpp */,
				0F3265EC214782FB00C6BC72 /* cBlock.cpp */,
				0F3265ED214782FB00C6BC72 /* cBlock.hpp */,
				0F3265EF2147831C00C6BC72 /* cRobot.cpp */,
				0F3265F02147831C00C6BC72 /* cRobot.hpp */,
			);
			path = Robot;
			sourceTree = "<group>";
		};
		0F3265F2214784B400C6BC72 /* Frameworks */ = {
			isa = PBXGroup;
			children = (
				0F3265F5214784BC00C6BC72 /* OpenGL.framework */,
				0F3265F3214784B400C6BC72 /* GLUT.framework */,
			);
			name = Frameworks;
			sourceTree = "<group>";
		};
/* End PBXGroup section */

/* Begin PBXNativeTarget section */
		0F3265E121477EAD00C6BC72 /* Robot */ = {
			isa = PBXNativeTarget;
			buildConfigurationList = 0F3265E921477EAD00C6BC72 /* Build configuration list for PBXNativeTarget "Robot" */;
			buildPhases = (
				0F3265DE21477EAD00C6BC72 /* Sources */,
				0F3265DF21477EAD00C6BC72 /* Frameworks */,
				0F3265E021477EAD00C6BC72 /* CopyFiles */,
			);
			buildRules = (
			);
			dependencies = (
			);
			name = Robot;
			productName = Robot;
			productReference = 0F3265E221477EAD00C6BC72 /* Robot */;
			productType = "com.apple.product-type.tool";
		};
/* End PBXNativeTarget section */

/* Begin PBXProject section */
		0F3265DA21477EAD00C6BC72 /* Project object */ = {
			isa = PBXProject;
			attributes = {
				LastUpgradeCheck = 0940;
				ORGANIZATIONNAME = "Daniel Strausz";
				TargetAttributes = {
					0F3265E121477EAD00C6BC72 = {
						CreatedOnToolsVersion = 9.4.1;
					};
				};
			};
			buildConfigurationList = 0F3265DD21477EAD00C6BC72 /* Build configuration list for PBXProject "Robot" */;
			compatibilityVersion = "Xcode 9.3";
			developmentRegion = en;
			hasScannedForEncodings = 0;
			knownRegions = (
				en,
			);
			mainGroup = 0F3265D921477EAD00C6BC72;
			productRefGroup = 0F3265E321477EAD00C6BC72 /* Products */;
			projectDirPath = "";
			projectRoot = "";
			targets = (
				0F3265E121477EAD00C6BC72 /* Robot */,
			);
		};
/* End PBXProject section */

/* Begin PBXSourcesBuildPhase section */
		0F3265DE21477EAD00C6BC72 /* Sources */ = {
			isa = PBXSourcesBuildPhase;
			buildActionMask = 2147483647;
			files = (
				0F3265F82147851C00C6BC72 /* GLUT.framework in Sources */,
				0F3265F72147851700C6BC72 /* OpenGL.framework in Sources */,
				0F3265E621477EAD00C6BC72 /* main.cpp in Sources */,
				0F3265EE214782FB00C6BC72 /* cBlock.cpp in Sources */,
				0F3265F12147831C00C6BC72 /* cRobot.cpp in Sources */,
			);
			runOnlyForDeploymentPostprocessing = 0;
		};
/* End PBXSourcesBuildPhase section */

/* Begin XCBuildConfiguration section */
		0F3265E721477EAD00C6BC72 /* Debug */ = {
			isa = XCBuildConfiguration;
			buildSettings = {
				ALWAYS_SEARCH_USER_PATHS = NO;
				CLANG_ANALYZER_NONNULL = YES;
				CLANG_ANALYZER_NUMBER_OBJECT_CONVERSION = YES_AGGRESSIVE;
				CLANG_CXX_LANGUAGE_STANDARD = "gnu++14";
				CLANG_CXX_LIBRARY = "libc++";
				CLANG_ENABLE_MODULES = YES;
				CLANG_ENABLE_OBJC_ARC = YES;
				CLANG_ENABLE_OBJC_WEAK = YES;
				CLANG_WARN_BLOCK_CAPTURE_AUTORELEASING = YES;
				CLANG_WARN_BOOL_CONVERSION = YES;
				CLANG_WARN_COMMA = YES;
				CLANG_WARN_CONSTANT_CONVERSION = YES;
				CLANG_WARN_DEPRECATED_OBJC_IMPLEMENTATIONS = YES;
				CLANG_WARN_DIRECT_OBJC_ISA_USAGE = YES_ERROR;
				CLANG_WARN_DOCUMENTATION_COMMENTS = YES;
				CLANG_WARN_EMPTY_BODY = YES;
				CLANG_WARN_ENUM_CONVERSION = YES;
				CLANG_WARN_INFINITE_RECURSION = YES;
				CLANG_WARN_INT_CONVERSION = YES;
				CLANG_WARN_NON_LITERAL_NULL_CONVERSION = YES;
				CLANG_WARN_OBJC_IMPLICIT_RETAIN_SELF = YES;
				CLANG_WARN_OBJC_LITERAL_CONVERSION = YES;
				CLANG_WARN_OBJC_ROOT_CLASS = YES_ERROR;
				CLANG_WARN_RANGE_LOOP_ANALYSIS = YES;
				CLANG_WARN_STRICT_PROTOTYPES = YES;
				CLANG_WARN_SUSPICIOUS_MOVE = YES;
				CLANG_WARN_UNGUARDED_AVAILABILITY = YES_AGGRESSIVE;
				CLANG_WARN_UNREACHABLE_CODE = YES;
				CLANG_WARN__DUPLICATE_METHOD_MATCH = YES;
				CODE_SIGN_IDENTITY = "Mac Developer";
				COPY_PHASE_STRIP = NO;
				DEBUG_INFORMATION_FORMAT = dwarf;
				ENABLE_STRICT_OBJC_MSGSEND = YES;
				ENABLE_TESTABILITY = YES;
				GCC_C_LANGUAGE_STANDARD = gnu11;
				GCC_DYNAMIC_NO_PIC = NO;
				GCC_NO_COMMON_BLOCKS = YES;
				GCC_OPTIMIZATION_LEVEL = 0;
				GCC_PREPROCESSOR_DEFINITIONS = (
					"DEBUG=1",
					"$(inherited)",
				);
				GCC_WARN_64_TO_32_BIT_CONVERSION = YES;
				GCC_WARN_ABOUT_RETURN_TYPE = YES_ERROR;
				GCC_WARN_UNDECLARED_SELECTOR = YES;
				GCC_WARN_UNINITIALIZED_AUTOS = YES_AGGRESSIVE;
				GCC_WARN_UNUSED_FUNCTION = YES;
				GCC_WARN_UNUSED_VARIABLE = YES;
				MACOSX_DEPLOYMENT_TARGET = 10.13;
				MTL_ENABLE_DEBUG_INFO = YES;
				ONLY_ACTIVE_ARCH = YES;
				SDKROOT = macosx;
			};
			name = Debug;
		};
		0F3265E821477EAD00C6BC72 /* Release */ = {
			isa = XCBuildConfiguration;
			buildSettings = {
				ALWAYS_SEARCH_USER_PATHS = NO;
				CLANG_ANALYZER_NONNULL = YES;
				CLANG_ANALYZER_NUMBER_OBJECT_CONVERSION = YES_AGGRESSIVE;
				CLANG_CXX_LANGUAGE_STANDARD = "gnu++14";
				CLANG_CXX_LIBRARY = "libc++";
				CLANG_ENABLE_MODULES = YES;
				CLANG_ENABLE_OBJC_ARC = YES;
				CLANG_ENABLE_OBJC_WEAK = YES;
				CLANG_WARN_BLOCK_CAPTURE_AUTORELEASING = YES;
				CLANG_WARN_BOOL_CONVERSION = YES;
				CLANG_WARN_COMMA = YES;
				CLANG_WARN_CONSTANT_CONVERSION = YES;
				CLANG_WARN_DEPRECATED_OBJC_IMPLEMENTATIONS = YES;
				CLANG_WARN_DIRECT_OBJC_ISA_USAGE = YES_ERROR;
				CLANG_WARN_DOCUMENTATION_COMMENTS = YES;
				CLANG_WARN_EMPTY_BODY = YES;
				CLANG_WARN_ENUM_CONVERSION = YES;
				CLANG_WARN_INFINITE_RECURSION = YES;
				CLANG_WARN_INT_CONVERSION = YES;
				CLANG_WARN_NON_LITERAL_NULL_CONVERSION = YES;
				CLANG_WARN_OBJC_IMPLICIT_RETAIN_SELF = YES;
				CLANG_WARN_OBJC_LITERAL_CONVERSION = YES;
				CLANG_WARN_OBJC_ROOT_CLASS = YES_ERROR;
				CLANG_WARN_RANGE_LOOP_ANALYSIS = YES;
				CLANG_WARN_STRICT_PROTOTYPES = YES;
				CLANG_WARN_SUSPICIOUS_MOVE = YES;
				CLANG_WARN_UNGUARDED_AVAILABILITY = YES_AGGRESSIVE;
				CLANG_WARN_UNREACHABLE_CODE = YES;
				CLANG_WARN__DUPLICATE_METHOD_MATCH = YES;
				CODE_SIGN_IDENTITY = "Mac Developer";
				COPY_PHASE_STRIP = NO;
				DEBUG_INFORMATION_FORMAT = "dwarf-with-dsym";
				ENABLE_NS_ASSERTIONS = NO;
				ENABLE_STRICT_OBJC_MSGSEND = YES;
				GCC_C_LANGUAGE_STANDARD = gnu11;
				GCC_NO_COMMON_BLOCKS = YES;
				GCC_WARN_64_TO_32_BIT_CONVERSION = YES;
				GCC_WARN_ABOUT_RETURN_TYPE = YES_ERROR;
				GCC_WARN_UNDECLARED_SELECTOR = YES;
				GCC_WARN_UNINITIALIZED_AUTOS = YES_AGGRESSIVE;
				GCC_WARN_UNUSED_FUNCTION = YES;
				GCC_WARN_UNUSED_VARIABLE = YES;
				MACOSX_DEPLOYMENT_TARGET = 10.13;
				MTL_ENABLE_DEBUG_INFO = NO;
				SDKROOT = macosx;
			};
			name = Release;
		};
		0F3265EA21477EAD00C6BC72 /* Debug */ = {
			isa = XCBuildConfiguration;
			buildSettings = {
				CODE_SIGN_STYLE = Automatic;
				DEVELOPMENT_TEAM = X96QZY8C9A;
				GCC_WARN_ABOUT_DEPRECATED_FUNCTIONS = NO;
				PRODUCT_NAME = "$(TARGET_NAME)";
			};
			name = Debug;
		};
		0F3265EB21477EAD00C6BC72 /* Release */ = {
			isa = XCBuildConfiguration;
			buildSettings = {
				CODE_SIGN_STYLE = Automatic;
				DEVELOPMENT_TEAM = X96QZY8C9A;
				GCC_WARN_ABOUT_DEPRECATED_FUNCTIONS = NO;
				PRODUCT_NAME = "$(TARGET_NAME)";
			};
			name = Release;
		};
/* End XCBuildConfiguration section */

/* Begin XCConfigurationList section */
		0F3265DD21477EAD00C6BC72 /* Build configuration list for PBXProject "Robot" */ = {
			isa = XCConfigurationList;
			buildConfigurations = (
				0F3265E721477EAD00C6BC72 /* Debug */,
				0F3265E821477EAD00C6BC72 /* Release */,
			);
			defaultConfigurationIsVisible = 0;
			defaultConfigurationName = Release;
		};
		0F3265E921477EAD00C6BC72 /* Build configuration list for PBXNativeTarget "Robot" */ = {
			isa = XCConfigurationList;
			buildConfigurations = (
				0F3265EA21477EAD00C6BC72 /* Debug */,
				0F3265EB21477EAD00C6BC72 /* Release */,
			);
			defaultConfigurationIsVisible = 0;
			defaultConfigurationName = Release;
		};
/* End XCConfigurationList section */
	};
	rootObject = 0F3265DA21477EAD00C6BC72 /* Project object */;
}
